
Microsoft Visual Studio Solution File, Format Version 12.00
# Visual Studio Version 16
VisualStudioVersion = 16.0.30413.136
MinimumVisualStudioVersion = 10.0.40219.1
Project("{FAE04EC0-301F-11D3-BF4B-00C04F79EFBC}") = "Participation1_Sumof3Numbers", "Participation1_Sumof3Numbers\Participation1_Sumof3Numbers.csproj", "{01ECC055-961B-4E89-9F9E-EA147EEB30F2}"
EndProject
Global
	GlobalSection(SolutionConfigurationPlatforms) = preSolution
		Debug|Any CPU = Debug|Any CPU
		Release|Any CPU = Release|Any CPU
	EndGlobalSection
	GlobalSection(ProjectConfigurationPlatforms) = postSolution
		{01ECC055-961B-4E89-9F9E-EA147EEB30F2}.Debug|Any CPU.ActiveCfg = Debug|Any CPU
		{01ECC055-961B-4E89-9F9E-EA147EEB30F2}.Debug|Any CPU.Build.0 = Debug|Any CPU
		{01ECC055-961B-4E89-9F9E-EA147EEB30F2}.Release|Any CPU.ActiveCfg = Release|Any CPU
		{01ECC055-961B-4E89-9F9E-EA147EEB30F2}.Release|Any CPU.Build.0 = Release|Any CPU
	EndGlobalSection
	GlobalSection(SolutionProperties) = preSolution
		HideSolutionNode = FALSE
	EndGlobalSection
	GlobalSection(ExtensibilityGlobals) = postSolution
		SolutionGuid = {0422CCD8-1C71-4329-851F-67135515D5C2}
	EndGlobalSection
EndGlobal
